
Microsoft Visual Studio Solution File, Format Version 12.00
# Visual Studio 15
VisualStudioVersion = 15.0.28307.421
MinimumVisualStudioVersion = 10.0.40219.1
Project("{FAE04EC0-301F-11D3-BF4B-00C04F79EFBC}") = "Locker", "Locker\Locker.csproj", "{BDC19F67-5433-4800-8232-2DE01D6BF6D5}"
EndProject
Global
	GlobalSection(SolutionConfigurationPlatforms) = preSolution
		Debug|Any CPU = Debug|Any CPU
		Release|Any CPU = Release|Any CPU
	EndGlobalSection
	GlobalSection(ProjectConfigurationPlatforms) = postSolution
		{BDC19F67-5433-4800-8232-2DE01D6BF6D5}.Debug|Any CPU.ActiveCfg = Debug|Any CPU
		{BDC19F67-5433-4800-8232-2DE01D6BF6D5}.Debug|Any CPU.Build.0 = Debug|Any CPU
		{BDC19F67-5433-4800-8232-2DE01D6BF6D5}.Release|Any CPU.ActiveCfg = Release|Any CPU
		{BDC19F67-5433-4800-8232-2DE01D6BF6D5}.Release|Any CPU.Build.0 = Release|Any CPU
	EndGlobalSection
	GlobalSection(SolutionProperties) = preSolution
		HideSolutionNode = FALSE
	EndGlobalSection
	GlobalSection(ExtensibilityGlobals) = postSolution
		SolutionGuid = {5B8DD592-56C1-4616-B038-D2416156FB72}
	EndGlobalSection
EndGlobal
